
Microsoft Visual Studio Solution File, Format Version 12.00
# Visual Studio Version 17
VisualStudioVersion = 17.5.33627.172
MinimumVisualStudioVersion = 10.0.40219.1
Project("{FAE04EC0-301F-11D3-BF4B-00C04F79EFBC}") = "BaoCaoWebNangCao", "BaoCaoWebNangCao\BaoCaoWebNangCao.csproj", "{8B801352-FAB5-4081-A43C-BA2D68DE4CBE}"
EndProject
Global
	GlobalSection(SolutionConfigurationPlatforms) = preSolution
		Debug|Any CPU = Debug|Any CPU
		Release|Any CPU = Release|Any CPU
	EndGlobalSection
	GlobalSection(ProjectConfigurationPlatforms) = postSolution
		{8B801352-FAB5-4081-A43C-BA2D68DE4CBE}.Debug|Any CPU.ActiveCfg = Debug|Any CPU
		{8B801352-FAB5-4081-A43C-BA2D68DE4CBE}.Debug|Any CPU.Build.0 = Debug|Any CPU
		{8B801352-FAB5-4081-A43C-BA2D68DE4CBE}.Release|Any CPU.ActiveCfg = Release|Any CPU
		{8B801352-FAB5-4081-A43C-BA2D68DE4CBE}.Release|Any CPU.Build.0 = Release|Any CPU
	EndGlobalSection
	GlobalSection(SolutionProperties) = preSolution
		HideSolutionNode = FALSE
	EndGlobalSection
	GlobalSection(ExtensibilityGlobals) = postSolution
		SolutionGuid = {67B90C7F-269A-485F-BDED-D9FE1391A85F}
	EndGlobalSection
EndGlobal
